// !$*UTF8*$!
{
	archiveVersion = 1;
	classes = {
	};
	objectVersion = 45;
	objects = {

/* Begin PBXBuildFile section */
		143674A30FA89866001E09FD /* TiledView.m in Sources */ = {isa = PBXBuildFile; fileRef = 143674A20FA89866001E09FD /* TiledView.m */; };
		143674AC0FA89875001E09FD /* QuartzCore.framework in Frameworks */ = {isa = PBXBuildFile; fileRef = 143674AB0FA89875001E09FD /* QuartzCore.framework */; };
		143674BF0FA8989B001E09FD /* original_image.jpg in Resources */ = {isa = PBXBuildFile; fileRef = 143674BE0FA8989B001E09FD /* original_image.jpg */; };
		1436752B0FA8999E001E09FD /* image-01-01.jpg in Resources */ = {isa = PBXBuildFile; fileRef = 143674C70FA8999D001E09FD /* image-01-01.jpg */; };
		1436752C0FA8999E001E09FD /* image-01-02.jpg in Resources */ = {isa = PBXBuildFile; fileRef = 143674C80FA8999D001E09FD /* image-01-02.jpg */; };
		1436752D0FA8999E001E09FD /* image-01-03.jpg in Resources */ = {isa = PBXBuildFile; fileRef = 143674C90FA8999D001E09FD /* image-01-03.jpg */; };
		1436752E0FA8999E001E09FD /* image-01-04.jpg in Resources */ = {isa = PBXBuildFile; fileRef = 143674CA0FA8999D001E09FD /* image-01-04.jpg */; };
		1436752F0FA8999E001E09FD /* image-01-05.jpg in Resources */ = {isa = PBXBuildFile; fileRef = 143674CB0FA8999D001E09FD /* image-01-05.jpg */; };
		143675300FA8999E001E09FD /* image-01-06.jpg in Resources */ = {isa = PBXBuildFile; fileRef = 143674CC0FA8999D001E09FD /* image-01-06.jpg */; };
		143675310FA8999E001E09FD /* image-01-07.jpg in Resources */ = {isa = PBXBuildFile; fileRef = 143674CD0FA8999D001E09FD /* image-01-07.jpg */; };
		143675320FA8999E001E09FD /* image-01-08.jpg in Resources */ = {isa = PBXBuildFile; fileRef = 143674CE0FA8999D001E09FD /* image-01-08.jpg */; };
		143675330FA8999E001E09FD /* image-01-09.jpg in Resources */ = {isa = PBXBuildFile; fileRef = 143674CF0FA8999D001E09FD /* image-01-09.jpg */; };
		143675340FA8999E001E09FD /* image-01-10.jpg in Resources */ = {isa = PBXBuildFile; fileRef = 143674D00FA8999D001E09FD /* image-01-10.jpg */; };
		143675350FA8999E001E09FD /* image-02-01.jpg in Resources */ = {isa = PBXBuildFile; fileRef = 143674D10FA8999D001E09FD /* image-02-01.jpg */; };
		143675360FA8999E001E09FD /* image-02-02.jpg in Resources */ = {isa = PBXBuildFile; fileRef = 143674D20FA8999D001E09FD /* image-02-02.jpg */; };
		143675370FA8999E001E09FD /* image-02-03.jpg in Resources */ = {isa = PBXBuildFile; fileRef = 143674D30FA8999D001E09FD /* image-02-03.jpg */; };
		143675380FA8999E001E09FD /* image-02-04.jpg in Resources */ = {isa = PBXBuildFile; fileRef = 143674D40FA8999D001E09FD /* image-02-04.jpg */; };
		143675390FA8999E001E09FD /* image-02-05.jpg in Resources */ = {isa = PBXBuildFile; fileRef = 143674D50FA8999D001E09FD /* image-02-05.jpg */; };
		1436753A0FA8999E001E09FD /* image-02-06.jpg in Resources */ = {isa = PBXBuildFile; fileRef = 143674D60FA8999D001E09FD /* image-02-06.jpg */; };
		1436753B0FA8999E001E09FD /* image-02-07.jpg in Resources */ = {isa = PBXBuildFile; fileRef = 143674D70FA8999D001E09FD /* image-02-07.jpg */; };
		1436753C0FA8999E001E09FD /* image-02-08.jpg in Resources */ = {isa = PBXBuildFile; fileRef = 143674D80FA8999D001E09FD /* image-02-08.jpg */; };
		1436753D0FA8999E001E09FD /* image-02-09.jpg in Resources */ = {isa = PBXBuildFile; fileRef = 143674D90FA8999D001E09FD /* image-02-09.jpg */; };
		1436753E0FA8999E001E09FD /* image-02-10.jpg in Resources */ = {isa = PBXBuildFile; fileRef = 143674DA0FA8999D001E09FD /* image-02-10.jpg */; };
		1436753F0FA8999E001E09FD /* image-03-01.jpg in Resources */ = {isa = PBXBuildFile; fileRef = 143674DB0FA8999D001E09FD /* image-03-01.jpg */; };
		143675400FA8999E001E09FD /* image-03-02.jpg in Resources */ = {isa = PBXBuildFile; fileRef = 143674DC0FA8999D001E09FD /* image-03-02.jpg */; };
		143675410FA8999E001E09FD /* image-03-03.jpg in Resources */ = {isa = PBXBuildFile; fileRef = 143674DD0FA8999D001E09FD /* image-03-03.jpg */; };
		143675420FA8999E001E09FD /* image-03-04.jpg in Resources */ = {isa = PBXBuildFile; fileRef = 143674DE0FA8999D001E09FD /* image-03-04.jpg */; };
		143675430FA8999E001E09FD /* image-03-05.jpg in Resources */ = {isa = PBXBuildFile; fileRef = 143674DF0FA8999D001E09FD /* image-03-05.jpg */; };
		143675440FA8999E001E09FD /* image-03-06.jpg in Resources */ = {isa = PBXBuildFile; fileRef = 143674E00FA8999D001E09FD /* image-03-06.jpg */; };
		143675450FA8999E001E09FD /* image-03-07.jpg in Resources */ = {isa = PBXBuildFile; fileRef = 143674E10FA8999D001E09FD /* image-03-07.jpg */; };
		143675460FA8999E001E09FD /* image-03-08.jpg in Resources */ = {isa = PBXBuildFile; fileRef = 143674E20FA8999D001E09FD /* image-03-08.jpg */; };
		143675470FA8999E001E09FD /* image-03-09.jpg in Resources */ = {isa = PBXBuildFile; fileRef = 143674E30FA8999D001E09FD /* image-03-09.jpg */; };
		143675480FA8999E001E09FD /* image-03-10.jpg in Resources */ = {isa = PBXBuildFile; fileRef = 143674E40FA8999D001E09FD /* image-03-10.jpg */; };
		143675490FA8999E001E09FD /* image-04-01.jpg in Resources */ = {isa = PBXBuildFile; fileRef = 143674E50FA8999D001E09FD /* image-04-01.jpg */; };
		1436754A0FA8999E001E09FD /* image-04-02.jpg in Resources */ = {isa = PBXBuildFile; fileRef = 143674E60FA8999D001E09FD /* image-04-02.jpg */; };
		1436754B0FA8999E001E09FD /* image-04-03.jpg in Resources */ = {isa = PBXBuildFile; fileRef = 143674E70FA8999D001E09FD /* image-04-03.jpg */; };
		1436754C0FA8999E001E09FD /* image-04-04.jpg in Resources */ = {isa = PBXBuildFile; fileRef = 143674E80FA8999D001E09FD /* image-04-04.jpg */; };
		1436754D0FA8999E001E09FD /* image-04-05.jpg in Resources */ = {isa = PBXBuildFile; fileRef = 143674E90FA8999D001E09FD /* image-04-05.jpg */; };
		1436754E0FA8999E001E09FD /* image-04-06.jpg in Resources */ = {isa = PBXBuildFile; fileRef = 143674EA0FA8999D001E09FD /* image-04-06.jpg */; };
		1436754F0FA8999E001E09FD /* image-04-07.jpg in Resources */ = {isa = PBXBuildFile; fileRef = 143674EB0FA8999D001E09FD /* image-04-07.jpg */; };
		143675500FA8999E001E09FD /* image-04-08.jpg in Resources */ = {isa = PBXBuildFile; fileRef = 143674EC0FA8999D001E09FD /* image-04-08.jpg */; };
		143675510FA8999E001E09FD /* image-04-09.jpg in Resources */ = {isa = PBXBuildFile; fileRef = 143674ED0FA8999D001E09FD /* image-04-09.jpg */; };
		143675520FA8999E001E09FD /* image-04-10.jpg in Resources */ = {isa = PBXBuildFile; fileRef = 143674EE0FA8999D001E09FD /* image-04-10.jpg */; };
		143675530FA8999E001E09FD /* image-05-01.jpg in Resources */ = {isa = PBXBuildFile; fileRef = 143674EF0FA8999D001E09FD /* image-05-01.jpg */; };
		143675540FA8999E001E09FD /* image-05-02.jpg in Resources */ = {isa = PBXBuildFile; fileRef = 143674F00FA8999D001E09FD /* image-05-02.jpg */; };
		143675550FA8999E001E09FD /* image-05-03.jpg in Resources */ = {isa = PBXBuildFile; fileRef = 143674F10FA8999D001E09FD /* image-05-03.jpg */; };
		143675560FA8999E001E09FD /* image-05-04.jpg in Resources */ = {isa = PBXBuildFile; fileRef = 143674F20FA8999D001E09FD /* image-05-04.jpg */; };
		143675570FA8999E001E09FD /* image-05-05.jpg in Resources */ = {isa = PBXBuildFile; fileRef = 143674F30FA8999D001E09FD /* image-05-05.jpg */; };
		143675580FA8999E001E09FD /* image-05-06.jpg in Resources */ = {isa = PBXBuildFile; fileRef = 143674F40FA8999D001E09FD /* image-05-06.jpg */; };
		143675590FA8999E001E09FD /* image-05-07.jpg in Resources */ = {isa = PBXBuildFile; fileRef = 143674F50FA8999E001E09FD /* image-05-07.jpg */; };
		1436755A0FA8999E001E09FD /* image-05-08.jpg in Resources */ = {isa = PBXBuildFile; fileRef = 143674F60FA8999E001E09FD /* image-05-08.jpg */; };
		1436755B0FA8999E001E09FD /* image-05-09.jpg in Resources */ = {isa = PBXBuildFile; fileRef = 143674F70FA8999E001E09FD /* image-05-09.jpg */; };
		1436755C0FA8999E001E09FD /* image-05-10.jpg in Resources */ = {isa = PBXBuildFile; fileRef = 143674F80FA8999E001E09FD /* image-05-10.jpg */; };
		1436755D0FA8999E001E09FD /* image-06-01.jpg in Resources */ = {isa = PBXBuildFile; fileRef = 143674F90FA8999E001E09FD /* image-06-01.jpg */; };
		1436755E0FA8999E001E09FD /* image-06-02.jpg in Resources */ = {isa = PBXBuildFile; fileRef = 143674FA0FA8999E001E09FD /* image-06-02.jpg */; };
		1436755F0FA8999E001E09FD /* image-06-03.jpg in Resources */ = {isa = PBXBuildFile; fileRef = 143674FB0FA8999E001E09FD /* image-06-03.jpg */; };
		143675600FA8999E001E09FD /* image-06-04.jpg in Resources */ = {isa = PBXBuildFile; fileRef = 143674FC0FA8999E001E09FD /* image-06-04.jpg */; };
		143675610FA8999E001E09FD /* image-06-05.jpg in Resources */ = {isa = PBXBuildFile; fileRef = 143674FD0FA8999E001E09FD /* image-06-05.jpg */; };
		143675620FA8999E001E09FD /* image-06-06.jpg in Resources */ = {isa = PBXBuildFile; fileRef = 143674FE0FA8999E001E09FD /* image-06-06.jpg */; };
		143675630FA8999E001E09FD /* image-06-07.jpg in Resources */ = {isa = PBXBuildFile; fileRef = 143674FF0FA8999E001E09FD /* image-06-07.jpg */; };
		143675640FA8999E001E09FD /* image-06-08.jpg in Resources */ = {isa = PBXBuildFile; fileRef = 143675000FA8999E001E09FD /* image-06-08.jpg */; };
		143675650FA8999E001E09FD /* image-06-09.jpg in Resources */ = {isa = PBXBuildFile; fileRef = 143675010FA8999E001E09FD /* image-06-09.jpg */; };
		143675660FA8999E001E09FD /* image-06-10.jpg in Resources */ = {isa = PBXBuildFile; fileRef = 143675020FA8999E001E09FD /* image-06-10.jpg */; };
		143675670FA8999E001E09FD /* image-07-01.jpg in Resources */ = {isa = PBXBuildFile; fileRef = 143675030FA8999E001E09FD /* image-07-01.jpg */; };
		143675680FA8999E001E09FD /* image-07-02.jpg in Resources */ = {isa = PBXBuildFile; fileRef = 143675040FA8999E001E09FD /* image-07-02.jpg */; };
		143675690FA8999E001E09FD /* image-07-03.jpg in Resources */ = {isa = PBXBuildFile; fileRef = 143675050FA8999E001E09FD /* image-07-03.jpg */; };
		1436756A0FA8999E001E09FD /* image-07-04.jpg in Resources */ = {isa = PBXBuildFile; fileRef = 143675060FA8999E001E09FD /* image-07-04.jpg */; };
		1436756B0FA8999E001E09FD /* image-07-05.jpg in Resources */ = {isa = PBXBuildFile; fileRef = 143675070FA8999E001E09FD /* image-07-05.jpg */; };
		1436756C0FA8999E001E09FD /* image-07-06.jpg in Resources */ = {isa = PBXBuildFile; fileRef = 143675080FA8999E001E09FD /* image-07-06.jpg */; };
		1436756D0FA8999E001E09FD /* image-07-07.jpg in Resources */ = {isa = PBXBuildFile; fileRef = 143675090FA8999E001E09FD /* image-07-07.jpg */; };
		1436756E0FA8999E001E09FD /* image-07-08.jpg in Resources */ = {isa = PBXBuildFile; fileRef = 1436750A0FA8999E001E09FD /* image-07-08.jpg */; };
		1436756F0FA8999E001E09FD /* image-07-09.jpg in Resources */ = {isa = PBXBuildFile; fileRef = 1436750B0FA8999E001E09FD /* image-07-09.jpg */; };
		143675700FA8999E001E09FD /* image-07-10.jpg in Resources */ = {isa = PBXBuildFile; fileRef = 1436750C0FA8999E001E09FD /* image-07-10.jpg */; };
		143675710FA8999E001E09FD /* image-08-01.jpg in Resources */ = {isa = PBXBuildFile; fileRef = 1436750D0FA8999E001E09FD /* image-08-01.jpg */; };
		143675720FA8999E001E09FD /* image-08-02.jpg in Resources */ = {isa = PBXBuildFile; fileRef = 1436750E0FA8999E001E09FD /* image-08-02.jpg */; };
		143675730FA8999E001E09FD /* image-08-03.jpg in Resources */ = {isa = PBXBuildFile; fileRef = 1436750F0FA8999E001E09FD /* image-08-03.jpg */; };
		143675740FA8999E001E09FD /* image-08-04.jpg in Resources */ = {isa = PBXBuildFile; fileRef = 143675100FA8999E001E09FD /* image-08-04.jpg */; };
		143675750FA8999E001E09FD /* image-08-05.jpg in Resources */ = {isa = PBXBuildFile; fileRef = 143675110FA8999E001E09FD /* image-08-05.jpg */; };
		143675760FA8999E001E09FD /* image-08-06.jpg in Resources */ = {isa = PBXBuildFile; fileRef = 143675120FA8999E001E09FD /* image-08-06.jpg */; };
		143675770FA8999E001E09FD /* image-08-07.jpg in Resources */ = {isa = PBXBuildFile; fileRef = 143675130FA8999E001E09FD /* image-08-07.jpg */; };
		143675780FA8999E001E09FD /* image-08-08.jpg in Resources */ = {isa = PBXBuildFile; fileRef = 143675140FA8999E001E09FD /* image-08-08.jpg */; };
		143675790FA8999E001E09FD /* image-08-09.jpg in Resources */ = {isa = PBXBuildFile; fileRef = 143675150FA8999E001E09FD /* image-08-09.jpg */; };
		1436757A0FA8999E001E09FD /* image-08-10.jpg in Resources */ = {isa = PBXBuildFile; fileRef = 143675160FA8999E001E09FD /* image-08-10.jpg */; };
		1436757B0FA8999E001E09FD /* image-09-01.jpg in Resources */ = {isa = PBXBuildFile; fileRef = 143675170FA8999E001E09FD /* image-09-01.jpg */; };
		1436757C0FA8999E001E09FD /* image-09-02.jpg in Resources */ = {isa = PBXBuildFile; fileRef = 143675180FA8999E001E09FD /* image-09-02.jpg */; };
		1436757D0FA8999E001E09FD /* image-09-03.jpg in Resources */ = {isa = PBXBuildFile; fileRef = 143675190FA8999E001E09FD /* image-09-03.jpg */; };
		1436757E0FA8999E001E09FD /* image-09-04.jpg in Resources */ = {isa = PBXBuildFile; fileRef = 1436751A0FA8999E001E09FD /* image-09-04.jpg */; };
		1436757F0FA8999E001E09FD /* image-09-05.jpg in Resources */ = {isa = PBXBuildFile; fileRef = 1436751B0FA8999E001E09FD /* image-09-05.jpg */; };
		143675800FA8999E001E09FD /* image-09-06.jpg in Resources */ = {isa = PBXBuildFile; fileRef = 1436751C0FA8999E001E09FD /* image-09-06.jpg */; };
		143675810FA8999E001E09FD /* image-09-07.jpg in Resources */ = {isa = PBXBuildFile; fileRef = 1436751D0FA8999E001E09FD /* image-09-07.jpg */; };
		143675820FA8999E001E09FD /* image-09-08.jpg in Resources */ = {isa = PBXBuildFile; fileRef = 1436751E0FA8999E001E09FD /* image-09-08.jpg */; };
		143675830FA8999E001E09FD /* image-09-09.jpg in Resources */ = {isa = PBXBuildFile; fileRef = 1436751F0FA8999E001E09FD /* image-09-09.jpg */; };
		143675840FA8999E001E09FD /* image-09-10.jpg in Resources */ = {isa = PBXBuildFile; fileRef = 143675200FA8999E001E09FD /* image-09-10.jpg */; };
		143675850FA8999E001E09FD /* image-10-01.jpg in Resources */ = {isa = PBXBuildFile; fileRef = 143675210FA8999E001E09FD /* image-10-01.jpg */; };
		143675860FA8999E001E09FD /* image-10-02.jpg in Resources */ = {isa = PBXBuildFile; fileRef = 143675220FA8999E001E09FD /* image-10-02.jpg */; };
		143675870FA8999E001E09FD /* image-10-03.jpg in Resources */ = {isa = PBXBuildFile; fileRef = 143675230FA8999E001E09FD /* image-10-03.jpg */; };
		143675880FA8999E001E09FD /* image-10-04.jpg in Resources */ = {isa = PBXBuildFile; fileRef = 143675240FA8999E001E09FD /* image-10-04.jpg */; };
		143675890FA8999E001E09FD /* image-10-05.jpg in Resources */ = {isa = PBXBuildFile; fileRef = 143675250FA8999E001E09FD /* image-10-05.jpg */; };
		1436758A0FA8999E001E09FD /* image-10-06.jpg in Resources */ = {isa = PBXBuildFile; fileRef = 143675260FA8999E001E09FD /* image-10-06.jpg */; };
		1436758B0FA8999E001E09FD /* image-10-07.jpg in Resources */ = {isa = PBXBuildFile; fileRef = 143675270FA8999E001E09FD /* image-10-07.jpg */; };
		1436758C0FA8999E001E09FD /* image-10-08.jpg in Resources */ = {isa = PBXBuildFile; fileRef = 143675280FA8999E001E09FD /* image-10-08.jpg */; };
		1436758D0FA8999E001E09FD /* image-10-09.jpg in Resources */ = {isa = PBXBuildFile; fileRef = 143675290FA8999E001E09FD /* image-10-09.jpg */; };
		1436758E0FA8999E001E09FD /* image-10-10.jpg in Resources */ = {isa = PBXBuildFile; fileRef = 1436752A0FA8999E001E09FD /* image-10-10.jpg */; };
		1D3623260D0F684500981E51 /* TiledLayerViewAppDelegate.m in Sources */ = {isa = PBXBuildFile; fileRef = 1D3623250D0F684500981E51 /* TiledLayerViewAppDelegate.m */; };
		1D60589B0D05DD56006BFB54 /* main.m in Sources */ = {isa = PBXBuildFile; fileRef = 29B97316FDCFA39411CA2CEA /* main.m */; };
		1D60589F0D05DD5A006BFB54 /* Foundation.framework in Frameworks */ = {isa = PBXBuildFile; fileRef = 1D30AB110D05D00D00671497 /* Foundation.framework */; };
		1DF5F4E00D08C38300B7A737 /* UIKit.framework in Frameworks */ = {isa = PBXBuildFile; fileRef = 1DF5F4DF0D08C38300B7A737 /* UIKit.framework */; };
		288765A50DF7441C002DB57D /* CoreGraphics.framework in Frameworks */ = {isa = PBXBuildFile; fileRef = 288765A40DF7441C002DB57D /* CoreGraphics.framework */; };
		2899E5220DE3E06400AC0155 /* TiledLayerViewViewController.xib in Resources */ = {isa = PBXBuildFile; fileRef = 2899E5210DE3E06400AC0155 /* TiledLayerViewViewController.xib */; };
		28AD733F0D9D9553002E5188 /* MainWindow.xib in Resources */ = {isa = PBXBuildFile; fileRef = 28AD733E0D9D9553002E5188 /* MainWindow.xib */; };
		28D7ACF80DDB3853001CB0EB /* TiledLayerViewController.m in Sources */ = {isa = PBXBuildFile; fileRef = 28D7ACF70DDB3853001CB0EB /* TiledLayerViewController.m */; };
/* End PBXBuildFile section */

/* Begin PBXFileReference section */
		143674A10FA89866001E09FD /* TiledView.h */ = {isa = PBXFileReference; fileEncoding = 4; lastKnownFileType = sourcecode.c.h; path = TiledView.h; sourceTree = "<group>"; };
		143674A20FA89866001E09FD /* TiledView.m */ = {isa = PBXFileReference; fileEncoding = 4; lastKnownFileType = sourcecode.c.objc; path = TiledView.m; sourceTree = "<group>"; };
		143674AB0FA89875001E09FD /* QuartzCore.framework */ = {isa = PBXFileReference; lastKnownFileType = wrapper.framework; name = QuartzCore.framework; path = System/Library/Frameworks/QuartzCore.framework; sourceTree = SDKROOT; };
		143674BE0FA8989B001E09FD /* original_image.jpg */ = {isa = PBXFileReference; lastKnownFileType = image.jpeg; path = original_image.jpg; sourceTree = "<group>"; };
		143674C70FA8999D001E09FD /* image-01-01.jpg */ = {isa = PBXFileReference; lastKnownFileType = image.jpeg; path = "image-01-01.jpg"; sourceTree = "<group>"; };
		143674C80FA8999D001E09FD /* image-01-02.jpg */ = {isa = PBXFileReference; lastKnownFileType = image.jpeg; path = "image-01-02.jpg"; sourceTree = "<group>"; };
		143674C90FA8999D001E09FD /* image-01-03.jpg */ = {isa = PBXFileReference; lastKnownFileType = image.jpeg; path = "image-01-03.jpg"; sourceTree = "<group>"; };
		143674CA0FA8999D001E09FD /* image-01-04.jpg */ = {isa = PBXFileReference; lastKnownFileType = image.jpeg; path = "image-01-04.jpg"; sourceTree = "<group>"; };
		143674CB0FA8999D001E09FD /* image-01-05.jpg */ = {isa = PBXFileReference; lastKnownFileType = image.jpeg; path = "image-01-05.jpg"; sourceTree = "<group>"; };
		143674CC0FA8999D001E09FD /* image-01-06.jpg */ = {isa = PBXFileReference; lastKnownFileType = image.jpeg; path = "image-01-06.jpg"; sourceTree = "<group>"; };
		143674CD0FA8999D001E09FD /* image-01-07.jpg */ = {isa = PBXFileReference; lastKnownFileType = image.jpeg; path = "image-01-07.jpg"; sourceTree = "<group>"; };
		143674CE0FA8999D001E09FD /* image-01-08.jpg */ = {isa = PBXFileReference; lastKnownFileType = image.jpeg; path = "image-01-08.jpg"; sourceTree = "<group>"; };
		143674CF0FA8999D001E09FD /* image-01-09.jpg */ = {isa = PBXFileReference; lastKnownFileType = image.jpeg; path = "image-01-09.jpg"; sourceTree = "<group>"; };
		143674D00FA8999D001E09FD /* image-01-10.jpg */ = {isa = PBXFileReference; lastKnownFileType = image.jpeg; path = "image-01-10.jpg"; sourceTree = "<group>"; };
		143674D10FA8999D001E09FD /* image-02-01.jpg */ = {isa = PBXFileReference; lastKnownFileType = image.jpeg; path = "image-02-01.jpg"; sourceTree = "<group>"; };
		143674D20FA8999D001E09FD /* image-02-02.jpg */ = {isa = PBXFileReference; lastKnownFileType = image.jpeg; path = "image-02-02.jpg"; sourceTree = "<group>"; };
		143674D30FA8999D001E09FD /* image-02-03.jpg */ = {isa = PBXFileReference; lastKnownFileType = image.jpeg; path = "image-02-03.jpg"; sourceTree = "<group>"; };
		143674D40FA8999D001E09FD /* image-02-04.jpg */ = {isa = PBXFileReference; lastKnownFileType = image.jpeg; path = "image-02-04.jpg"; sourceTree = "<group>"; };
		143674D50FA8999D001E09FD /* image-02-05.jpg */ = {isa = PBXFileReference; lastKnownFileType = image.jpeg; path = "image-02-05.jpg"; sourceTree = "<group>"; };
		143674D60FA8999D001E09FD /* image-02-06.jpg */ = {isa = PBXFileReference; lastKnownFileType = image.jpeg; path = "image-02-06.jpg"; sourceTree = "<group>"; };
		143674D70FA8999D001E09FD /* image-02-07.jpg */ = {isa = PBXFileReference; lastKnownFileType = image.jpeg; path = "image-02-07.jpg"; sourceTree = "<group>"; };
		143674D80FA8999D001E09FD /* image-02-08.jpg */ = {isa = PBXFileReference; lastKnownFileType = image.jpeg; path = "image-02-08.jpg"; sourceTree = "<group>"; };
		143674D90FA8999D001E09FD /* image-02-09.jpg */ = {isa = PBXFileReference; lastKnownFileType = image.jpeg; path = "image-02-09.jpg"; sourceTree = "<group>"; };
		143674DA0FA8999D001E09FD /* image-02-10.jpg */ = {isa = PBXFileReference; lastKnownFileType = image.jpeg; path = "image-02-10.jpg"; sourceTree = "<group>"; };
		143674DB0FA8999D001E09FD /* image-03-01.jpg */ = {isa = PBXFileReference; lastKnownFileType = image.jpeg; path = "image-03-01.jpg"; sourceTree = "<group>"; };
		143674DC0FA8999D001E09FD /* image-03-02.jpg */ = {isa = PBXFileReference; lastKnownFileType = image.jpeg; path = "image-03-02.jpg"; sourceTree = "<group>"; };
		143674DD0FA8999D001E09FD /* image-03-03.jpg */ = {isa = PBXFileReference; lastKnownFileType = image.jpeg; path = "image-03-03.jpg"; sourceTree = "<group>"; };
		143674DE0FA8999D001E09FD /* image-03-04.jpg */ = {isa = PBXFileReference; lastKnownFileType = image.jpeg; path = "image-03-04.jpg"; sourceTree = "<group>"; };
		143674DF0FA8999D001E09FD /* image-03-05.jpg */ = {isa = PBXFileReference; lastKnownFileType = image.jpeg; path = "image-03-05.jpg"; sourceTree = "<group>"; };
		143674E00FA8999D001E09FD /* image-03-06.jpg */ = {isa = PBXFileReference; lastKnownFileType = image.jpeg; path = "image-03-06.jpg"; sourceTree = "<group>"; };
		143674E10FA8999D001E09FD /* image-03-07.jpg */ = {isa = PBXFileReference; lastKnownFileType = image.jpeg; path = "image-03-07.jpg"; sourceTree = "<group>"; };
		143674E20FA8999D001E09FD /* image-03-08.jpg */ = {isa = PBXFileReference; lastKnownFileType = image.jpeg; path = "image-03-08.jpg"; sourceTree = "<group>"; };
		143674E30FA8999D001E09FD /* image-03-09.jpg */ = {isa = PBXFileReference; lastKnownFileType = image.jpeg; path = "image-03-09.jpg"; sourceTree = "<group>"; };
		143674E40FA8999D001E09FD /* image-03-10.jpg */ = {isa = PBXFileReference; lastKnownFileType = image.jpeg; path = "image-03-10.jpg"; sourceTree = "<group>"; };
		143674E50FA8999D001E09FD /* image-04-01.jpg */ = {isa = PBXFileReference; lastKnownFileType = image.jpeg; path = "image-04-01.jpg"; sourceTree = "<group>"; };
		143674E60FA8999D001E09FD /* image-04-02.jpg */ = {isa = PBXFileReference; lastKnownFileType = image.jpeg; path = "image-04-02.jpg"; sourceTree = "<group>"; };
		143674E70FA8999D001E09FD /* image-04-03.jpg */ = {isa = PBXFileReference; lastKnownFileType = image.jpeg; path = "image-04-03.jpg"; sourceTree = "<group>"; };
		143674E80FA8999D001E09FD /* image-04-04.jpg */ = {isa = PBXFileReference; lastKnownFileType = image.jpeg; path = "image-04-04.jpg"; sourceTree = "<group>"; };
		143674E90FA8999D001E09FD /* image-04-05.jpg */ = {isa = PBXFileReference; lastKnownFileType = image.jpeg; path = "image-04-05.jpg"; sourceTree = "<group>"; };
		143674EA0FA8999D001E09FD /* image-04-06.jpg */ = {isa = PBXFileReference; lastKnownFileType = image.jpeg; path = "image-04-06.jpg"; sourceTree = "<group>"; };
		143674EB0FA8999D001E09FD /* image-04-07.jpg */ = {isa = PBXFileReference; lastKnownFileType = image.jpeg; path = "image-04-07.jpg"; sourceTree = "<group>"; };
		143674EC0FA8999D001E09FD /* image-04-08.jpg */ = {isa = PBXFileReference; lastKnownFileType = image.jpeg; path = "image-04-08.jpg"; sourceTree = "<group>"; };
		143674ED0FA8999D001E09FD /* image-04-09.jpg */ = {isa = PBXFileReference; lastKnownFileType = image.jpeg; path = "image-04-09.jpg"; sourceTree = "<group>"; };
		143674EE0FA8999D001E09FD /* image-04-10.jpg */ = {isa = PBXFileReference; lastKnownFileType = image.jpeg; path = "image-04-10.jpg"; sourceTree = "<group>"; };
		143674EF0FA8999D001E09FD /* image-05-01.jpg */ = {isa = PBXFileReference; lastKnownFileType = image.jpeg; path = "image-05-01.jpg"; sourceTree = "<group>"; };
		143674F00FA8999D001E09FD /* image-05-02.jpg */ = {isa = PBXFileReference; lastKnownFileType = image.jpeg; path = "image-05-02.jpg"; sourceTree = "<group>"; };
		143674F10FA8999D001E09FD /* image-05-03.jpg */ = {isa = PBXFileReference; lastKnownFileType = image.jpeg; path = "image-05-03.jpg"; sourceTree = "<group>"; };
		143674F20FA8999D001E09FD /* image-05-04.jpg */ = {isa = PBXFileReference; lastKnownFileType = image.jpeg; path = "image-05-04.jpg"; sourceTree = "<group>"; };
		143674F30FA8999D001E09FD /* image-05-05.jpg */ = {isa = PBXFileReference; lastKnownFileType = image.jpeg; path = "image-05-05.jpg"; sourceTree = "<group>"; };
		143674F40FA8999D001E09FD /* image-05-06.jpg */ = {isa = PBXFileReference; lastKnownFileType = image.jpeg; path = "image-05-06.jpg"; sourceTree = "<group>"; };
		143674F50FA8999E001E09FD /* image-05-07.jpg */ = {isa = PBXFileReference; lastKnownFileType = image.jpeg; path = "image-05-07.jpg"; sourceTree = "<group>"; };
		143674F60FA8999E001E09FD /* image-05-08.jpg */ = {isa = PBXFileReference; lastKnownFileType = image.jpeg; path = "image-05-08.jpg"; sourceTree = "<group>"; };
		143674F70FA8999E001E09FD /* image-05-09.jpg */ = {isa = PBXFileReference; lastKnownFileType = image.jpeg; path = "image-05-09.jpg"; sourceTree = "<group>"; };
		143674F80FA8999E001E09FD /* image-05-10.jpg */ = {isa = PBXFileReference; lastKnownFileType = image.jpeg; path = "image-05-10.jpg"; sourceTree = "<group>"; };
		143674F90FA8999E001E09FD /* image-06-01.jpg */ = {isa = PBXFileReference; lastKnownFileType = image.jpeg; path = "image-06-01.jpg"; sourceTree = "<group>"; };
		143674FA0FA8999E001E09FD /* image-06-02.jpg */ = {isa = PBXFileReference; lastKnownFileType = image.jpeg; path = "image-06-02.jpg"; sourceTree = "<group>"; };
		143674FB0FA8999E001E09FD /* image-06-03.jpg */ = {isa = PBXFileReference; lastKnownFileType = image.jpeg; path = "image-06-03.jpg"; sourceTree = "<group>"; };
		143674FC0FA8999E001E09FD /* image-06-04.jpg */ = {isa = PBXFileReference; lastKnownFileType = image.jpeg; path = "image-06-04.jpg"; sourceTree = "<group>"; };
		143674FD0FA8999E001E09FD /* image-06-05.jpg */ = {isa = PBXFileReference; lastKnownFileType = image.jpeg; path = "image-06-05.jpg"; sourceTree = "<group>"; };
		143674FE0FA8999E001E09FD /* image-06-06.jpg */ = {isa = PBXFileReference; lastKnownFileType = image.jpeg; path = "image-06-06.jpg"; sourceTree = "<group>"; };
		143674FF0FA8999E001E09FD /* image-06-07.jpg */ = {isa = PBXFileReference; lastKnownFileType = image.jpeg; path = "image-06-07.jpg"; sourceTree = "<group>"; };
		143675000FA8999E001E09FD /* image-06-08.jpg */ = {isa = PBXFileReference; lastKnownFileType = image.jpeg; path = "image-06-08.jpg"; sourceTree = "<group>"; };
		143675010FA8999E001E09FD /* image-06-09.jpg */ = {isa = PBXFileReference; lastKnownFileType = image.jpeg; path = "image-06-09.jpg"; sourceTree = "<group>"; };
		143675020FA8999E001E09FD /* image-06-10.jpg */ = {isa = PBXFileReference; lastKnownFileType = image.jpeg; path = "image-06-10.jpg"; sourceTree = "<group>"; };
		143675030FA8999E001E09FD /* image-07-01.jpg */ = {isa = PBXFileReference; lastKnownFileType = image.jpeg; path = "image-07-01.jpg"; sourceTree = "<group>"; };
		143675040FA8999E001E09FD /* image-07-02.jpg */ = {isa = PBXFileReference; lastKnownFileType = image.jpeg; path = "image-07-02.jpg"; sourceTree = "<group>"; };
		143675050FA8999E001E09FD /* image-07-03.jpg */ = {isa = PBXFileReference; lastKnownFileType = image.jpeg; path = "image-07-03.jpg"; sourceTree = "<group>"; };
		143675060FA8999E001E09FD /* image-07-04.jpg */ = {isa = PBXFileReference; lastKnownFileType = image.jpeg; path = "image-07-04.jpg"; sourceTree = "<group>"; };
		143675070FA8999E001E09FD /* image-07-05.jpg */ = {isa = PBXFileReference; lastKnownFileType = image.jpeg; path = "image-07-05.jpg"; sourceTree = "<group>"; };
		143675080FA8999E001E09FD /* image-07-06.jpg */ = {isa = PBXFileReference; lastKnownFileType = image.jpeg; path = "image-07-06.jpg"; sourceTree = "<group>"; };
		143675090FA8999E001E09FD /* image-07-07.jpg */ = {isa = PBXFileReference; lastKnownFileType = image.jpeg; path = "image-07-07.jpg"; sourceTree = "<group>"; };
		1436750A0FA8999E001E09FD /* image-07-08.jpg */ = {isa = PBXFileReference; lastKnownFileType = image.jpeg; path = "image-07-08.jpg"; sourceTree = "<group>"; };
		1436750B0FA8999E001E09FD /* image-07-09.jpg */ = {isa = PBXFileReference; lastKnownFileType = image.jpeg; path = "image-07-09.jpg"; sourceTree = "<group>"; };
		1436750C0FA8999E001E09FD /* image-07-10.jpg */ = {isa = PBXFileReference; lastKnownFileType = image.jpeg; path = "image-07-10.jpg"; sourceTree = "<group>"; };
		1436750D0FA8999E001E09FD /* image-08-01.jpg */ = {isa = PBXFileReference; lastKnownFileType = image.jpeg; path = "image-08-01.jpg"; sourceTree = "<group>"; };
		1436750E0FA8999E001E09FD /* image-08-02.jpg */ = {isa = PBXFileReference; lastKnownFileType = image.jpeg; path = "image-08-02.jpg"; sourceTree = "<group>"; };
		1436750F0FA8999E001E09FD /* image-08-03.jpg */ = {isa = PBXFileReference; lastKnownFileType = image.jpeg; path = "image-08-03.jpg"; sourceTree = "<group>"; };
		143675100FA8999E001E09FD /* image-08-04.jpg */ = {isa = PBXFileReference; lastKnownFileType = image.jpeg; path = "image-08-04.jpg"; sourceTree = "<group>"; };
		143675110FA8999E001E09FD /* image-08-05.jpg */ = {isa = PBXFileReference; lastKnownFileType = image.jpeg; path = "image-08-05.jpg"; sourceTree = "<group>"; };
		143675120FA8999E001E09FD /* image-08-06.jpg */ = {isa = PBXFileReference; lastKnownFileType = image.jpeg; path = "image-08-06.jpg"; sourceTree = "<group>"; };
		143675130FA8999E001E09FD /* image-08-07.jpg */ = {isa = PBXFileReference; lastKnownFileType = image.jpeg; path = "image-08-07.jpg"; sourceTree = "<group>"; };
		143675140FA8999E001E09FD /* image-08-08.jpg */ = {isa = PBXFileReference; lastKnownFileType = image.jpeg; path = "image-08-08.jpg"; sourceTree = "<group>"; };
		143675150FA8999E001E09FD /* image-08-09.jpg */ = {isa = PBXFileReference; lastKnownFileType = image.jpeg; path = "image-08-09.jpg"; sourceTree = "<group>"; };
		143675160FA8999E001E09FD /* image-08-10.jpg */ = {isa = PBXFileReference; lastKnownFileType = image.jpeg; path = "image-08-10.jpg"; sourceTree = "<group>"; };
		143675170FA8999E001E09FD /* image-09-01.jpg */ = {isa = PBXFileReference; lastKnownFileType = image.jpeg; path = "image-09-01.jpg"; sourceTree = "<group>"; };
		143675180FA8999E001E09FD /* image-09-02.jpg */ = {isa = PBXFileReference; lastKnownFileType = image.jpeg; path = "image-09-02.jpg"; sourceTree = "<group>"; };
		143675190FA8999E001E09FD /* image-09-03.jpg */ = {isa = PBXFileReference; lastKnownFileType = image.jpeg; path = "image-09-03.jpg"; sourceTree = "<group>"; };
		1436751A0FA8999E001E09FD /* image-09-04.jpg */ = {isa = PBXFileReference; lastKnownFileType = image.jpeg; path = "image-09-04.jpg"; sourceTree = "<group>"; };
		1436751B0FA8999E001E09FD /* image-09-05.jpg */ = {isa = PBXFileReference; lastKnownFileType = image.jpeg; path = "image-09-05.jpg"; sourceTree = "<group>"; };
		1436751C0FA8999E001E09FD /* image-09-06.jpg */ = {isa = PBXFileReference; lastKnownFileType = image.jpeg; path = "image-09-06.jpg"; sourceTree = "<group>"; };
		1436751D0FA8999E001E09FD /* image-09-07.jpg */ = {isa = PBXFileReference; lastKnownFileType = image.jpeg; path = "image-09-07.jpg"; sourceTree = "<group>"; };
		1436751E0FA8999E001E09FD /* image-09-08.jpg */ = {isa = PBXFileReference; lastKnownFileType = image.jpeg; path = "image-09-08.jpg"; sourceTree = "<group>"; };
		1436751F0FA8999E001E09FD /* image-09-09.jpg */ = {isa = PBXFileReference; lastKnownFileType = image.jpeg; path = "image-09-09.jpg"; sourceTree = "<group>"; };
		143675200FA8999E001E09FD /* image-09-10.jpg */ = {isa = PBXFileReference; lastKnownFileType = image.jpeg; path = "image-09-10.jpg"; sourceTree = "<group>"; };
		143675210FA8999E001E09FD /* image-10-01.jpg */ = {isa = PBXFileReference; lastKnownFileType = image.jpeg; path = "image-10-01.jpg"; sourceTree = "<group>"; };
		143675220FA8999E001E09FD /* image-10-02.jpg */ = {isa = PBXFileReference; lastKnownFileType = image.jpeg; path = "image-10-02.jpg"; sourceTree = "<group>"; };
		143675230FA8999E001E09FD /* image-10-03.jpg */ = {isa = PBXFileReference; lastKnownFileType = image.jpeg; path = "image-10-03.jpg"; sourceTree = "<group>"; };
		143675240FA8999E001E09FD /* image-10-04.jpg */ = {isa = PBXFileReference; lastKnownFileType = image.jpeg; path = "image-10-04.jpg"; sourceTree = "<group>"; };
		143675250FA8999E001E09FD /* image-10-05.jpg */ = {isa = PBXFileReference; lastKnownFileType = image.jpeg; path = "image-10-05.jpg"; sourceTree = "<group>"; };
		143675260FA8999E001E09FD /* image-10-06.jpg */ = {isa = PBXFileReference; lastKnownFileType = image.jpeg; path = "image-10-06.jpg"; sourceTree = "<group>"; };
		143675270FA8999E001E09FD /* image-10-07.jpg */ = {isa = PBXFileReference; lastKnownFileType = image.jpeg; path = "image-10-07.jpg"; sourceTree = "<group>"; };
		143675280FA8999E001E09FD /* image-10-08.jpg */ = {isa = PBXFileReference; lastKnownFileType = image.jpeg; path = "image-10-08.jpg"; sourceTree = "<group>"; };
		143675290FA8999E001E09FD /* image-10-09.jpg */ = {isa = PBXFileReference; lastKnownFileType = image.jpeg; path = "image-10-09.jpg"; sourceTree = "<group>"; };
		1436752A0FA8999E001E09FD /* image-10-10.jpg */ = {isa = PBXFileReference; lastKnownFileType = image.jpeg; path = "image-10-10.jpg"; sourceTree = "<group>"; };
		1D30AB110D05D00D00671497 /* Foundation.framework */ = {isa = PBXFileReference; lastKnownFileType = wrapper.framework; name = Foundation.framework; path = System/Library/Frameworks/Foundation.framework; sourceTree = SDKROOT; };
		1D3623240D0F684500981E51 /* TiledLayerViewAppDelegate.h */ = {isa = PBXFileReference; fileEncoding = 4; lastKnownFileType = sourcecode.c.h; path = TiledLayerViewAppDelegate.h; sourceTree = "<group>"; };
		1D3623250D0F684500981E51 /* TiledLayerViewAppDelegate.m */ = {isa = PBXFileReference; fileEncoding = 4; lastKnownFileType = sourcecode.c.objc; path = TiledLayerViewAppDelegate.m; sourceTree = "<group>"; };
		1D6058910D05DD3D006BFB54 /* TiledLayerView.app */ = {isa = PBXFileReference; explicitFileType = wrapper.application; includeInIndex = 0; path = TiledLayerView.app; sourceTree = BUILT_PRODUCTS_DIR; };
		1DF5F4DF0D08C38300B7A737 /* UIKit.framework */ = {isa = PBXFileReference; lastKnownFileType = wrapper.framework; name = UIKit.framework; path = System/Library/Frameworks/UIKit.framework; sourceTree = SDKROOT; };
		288765A40DF7441C002DB57D /* CoreGraphics.framework */ = {isa = PBXFileReference; lastKnownFileType = wrapper.framework; name = CoreGraphics.framework; path = System/Library/Frameworks/CoreGraphics.framework; sourceTree = SDKROOT; };
		2899E5210DE3E06400AC0155 /* TiledLayerViewViewController.xib */ = {isa = PBXFileReference; lastKnownFileType = file.xib; path = TiledLayerViewViewController.xib; sourceTree = "<group>"; };
		28AD733E0D9D9553002E5188 /* MainWindow.xib */ = {isa = PBXFileReference; lastKnownFileType = file.xib; path = MainWindow.xib; sourceTree = "<group>"; };
		28D7ACF60DDB3853001CB0EB /* TiledLayerViewController.h */ = {isa = PBXFileReference; fileEncoding = 4; lastKnownFileType = sourcecode.c.h; path = TiledLayerViewController.h; sourceTree = "<group>"; };
		28D7ACF70DDB3853001CB0EB /* TiledLayerViewController.m */ = {isa = PBXFileReference; fileEncoding = 4; lastKnownFileType = sourcecode.c.objc; path = TiledLayerViewController.m; sourceTree = "<group>"; };
		29B97316FDCFA39411CA2CEA /* main.m */ = {isa = PBXFileReference; fileEncoding = 4; lastKnownFileType = sourcecode.c.objc; path = main.m; sourceTree = "<group>"; };
		32CA4F630368D1EE00C91783 /* TiledLayerView_Prefix.pch */ = {isa = PBXFileReference; fileEncoding = 4; lastKnownFileType = sourcecode.c.h; path = TiledLayerView_Prefix.pch; sourceTree = "<group>"; };
		8D1107310486CEB800E47090 /* Info.plist */ = {isa = PBXFileReference; fileEncoding = 4; lastKnownFileType = text.plist.xml; path = Info.plist; sourceTree = "<group>"; };
/* End PBXFileReference section */

/* Begin PBXFrameworksBuildPhase section */
		1D60588F0D05DD3D006BFB54 /* Frameworks */ = {
			isa = PBXFrameworksBuildPhase;
			buildActionMask = 2147483647;
			files = (
				1D60589F0D05DD5A006BFB54 /* Foundation.framework in Frameworks */,
				1DF5F4E00D08C38300B7A737 /* UIKit.framework in Frameworks */,
				288765A50DF7441C002DB57D /* CoreGraphics.framework in Frameworks */,
				143674AC0FA89875001E09FD /* QuartzCore.framework in Frameworks */,
			);
			runOnlyForDeploymentPostprocessing = 0;
		};
/* End PBXFrameworksBuildPhase section */

/* Begin PBXGroup section */
		080E96DDFE201D6D7F000001 /* Classes */ = {
			isa = PBXGroup;
			children = (
				1D3623240D0F684500981E51 /* TiledLayerViewAppDelegate.h */,
				1D3623250D0F684500981E51 /* TiledLayerViewAppDelegate.m */,
				28D7ACF60DDB3853001CB0EB /* TiledLayerViewController.h */,
				28D7ACF70DDB3853001CB0EB /* TiledLayerViewController.m */,
				143674A10FA89866001E09FD /* TiledView.h */,
				143674A20FA89866001E09FD /* TiledView.m */,
			);
			path = Classes;
			sourceTree = "<group>";
		};
		143674C00FA89986001E09FD /* images */ = {
			isa = PBXGroup;
			children = (
				143674BE0FA8989B001E09FD /* original_image.jpg */,
				143674C70FA8999D001E09FD /* image-01-01.jpg */,
				143674C80FA8999D001E09FD /* image-01-02.jpg */,
				143674C90FA8999D001E09FD /* image-01-03.jpg */,
				143674CA0FA8999D001E09FD /* image-01-04.jpg */,
				143674CB0FA8999D001E09FD /* image-01-05.jpg */,
				143674CC0FA8999D001E09FD /* image-01-06.jpg */,
				143674CD0FA8999D001E09FD /* image-01-07.jpg */,
				143674CE0FA8999D001E09FD /* image-01-08.jpg */,
				143674CF0FA8999D001E09FD /* image-01-09.jpg */,
				143674D00FA8999D001E09FD /* image-01-10.jpg */,
				143674D10FA8999D001E09FD /* image-02-01.jpg */,
				143674D20FA8999D001E09FD /* image-02-02.jpg */,
				143674D30FA8999D001E09FD /* image-02-03.jpg */,
				143674D40FA8999D001E09FD /* image-02-04.jpg */,
				143674D50FA8999D001E09FD /* image-02-05.jpg */,
				143674D60FA8999D001E09FD /* image-02-06.jpg */,
				143674D70FA8999D001E09FD /* image-02-07.jpg */,
				143674D80FA8999D001E09FD /* image-02-08.jpg */,
				143674D90FA8999D001E09FD /* image-02-09.jpg */,
				143674DA0FA8999D001E09FD /* image-02-10.jpg */,
				143674DB0FA8999D001E09FD /* image-03-01.jpg */,
				143674DC0FA8999D001E09FD /* image-03-02.jpg */,
				143674DD0FA8999D001E09FD /* image-03-03.jpg */,
				143674DE0FA8999D001E09FD /* image-03-04.jpg */,
				143674DF0FA8999D001E09FD /* image-03-05.jpg */,
				143674E00FA8999D001E09FD /* image-03-06.jpg */,
				143674E10FA8999D001E09FD /* image-03-07.jpg */,
				143674E20FA8999D001E09FD /* image-03-08.jpg */,
				143674E30FA8999D001E09FD /* image-03-09.jpg */,
				143674E40FA8999D001E09FD /* image-03-10.jpg */,
				143674E50FA8999D001E09FD /* image-04-01.jpg */,
				143674E60FA8999D001E09FD /* image-04-02.jpg */,
				143674E70FA8999D001E09FD /* image-04-03.jpg */,
				143674E80FA8999D001E09FD /* image-04-04.jpg */,
				143674E90FA8999D001E09FD /* image-04-05.jpg */,
				143674EA0FA8999D001E09FD /* image-04-06.jpg */,
				143674EB0FA8999D001E09FD /* image-04-07.jpg */,
				143674EC0FA8999D001E09FD /* image-04-08.jpg */,
				143674ED0FA8999D001E09FD /* image-04-09.jpg */,
				143674EE0FA8999D001E09FD /* image-04-10.jpg */,
				143674EF0FA8999D001E09FD /* image-05-01.jpg */,
				143674F00FA8999D001E09FD /* image-05-02.jpg */,
				143674F10FA8999D001E09FD /* image-05-03.jpg */,
				143674F20FA8999D001E09FD /* image-05-04.jpg */,
				143674F30FA8999D001E09FD /* image-05-05.jpg */,
				143674F40FA8999D001E09FD /* image-05-06.jpg */,
				143674F50FA8999E001E09FD /* image-05-07.jpg */,
				143674F60FA8999E001E09FD /* image-05-08.jpg */,
				143674F70FA8999E001E09FD /* image-05-09.jpg */,
				143674F80FA8999E001E09FD /* image-05-10.jpg */,
				143674F90FA8999E001E09FD /* image-06-01.jpg */,
				143674FA0FA8999E001E09FD /* image-06-02.jpg */,
				143674FB0FA8999E001E09FD /* image-06-03.jpg */,
				143674FC0FA8999E001E09FD /* image-06-04.jpg */,
				143674FD0FA8999E001E09FD /* image-06-05.jpg */,
				143674FE0FA8999E001E09FD /* image-06-06.jpg */,
				143674FF0FA8999E001E09FD /* image-06-07.jpg */,
				143675000FA8999E001E09FD /* image-06-08.jpg */,
				143675010FA8999E001E09FD /* image-06-09.jpg */,
				143675020FA8999E001E09FD /* image-06-10.jpg */,
				143675030FA8999E001E09FD /* image-07-01.jpg */,
				143675040FA8999E001E09FD /* image-07-02.jpg */,
				143675050FA8999E001E09FD /* image-07-03.jpg */,
				143675060FA8999E001E09FD /* image-07-04.jpg */,
				143675070FA8999E001E09FD /* image-07-05.jpg */,
				143675080FA8999E001E09FD /* image-07-06.jpg */,
				143675090FA8999E001E09FD /* image-07-07.jpg */,
				1436750A0FA8999E001E09FD /* image-07-08.jpg */,
				1436750B0FA8999E001E09FD /* image-07-09.jpg */,
				1436750C0FA8999E001E09FD /* image-07-10.jpg */,
				1436750D0FA8999E001E09FD /* image-08-01.jpg */,
				1436750E0FA8999E001E09FD /* image-08-02.jpg */,
				1436750F0FA8999E001E09FD /* image-08-03.jpg */,
				143675100FA8999E001E09FD /* image-08-04.jpg */,
				143675110FA8999E001E09FD /* image-08-05.jpg */,
				143675120FA8999E001E09FD /* image-08-06.jpg */,
				143675130FA8999E001E09FD /* image-08-07.jpg */,
				143675140FA8999E001E09FD /* image-08-08.jpg */,
				143675150FA8999E001E09FD /* image-08-09.jpg */,
				143675160FA8999E001E09FD /* image-08-10.jpg */,
				143675170FA8999E001E09FD /* image-09-01.jpg */,
				143675180FA8999E001E09FD /* image-09-02.jpg */,
				143675190FA8999E001E09FD /* image-09-03.jpg */,
				1436751A0FA8999E001E09FD /* image-09-04.jpg */,
				1436751B0FA8999E001E09FD /* image-09-05.jpg */,
				1436751C0FA8999E001E09FD /* image-09-06.jpg */,
				1436751D0FA8999E001E09FD /* image-09-07.jpg */,
				1436751E0FA8999E001E09FD /* image-09-08.jpg */,
				1436751F0FA8999E001E09FD /* image-09-09.jpg */,
				143675200FA8999E001E09FD /* image-09-10.jpg */,
				143675210FA8999E001E09FD /* image-10-01.jpg */,
				143675220FA8999E001E09FD /* image-10-02.jpg */,
				143675230FA8999E001E09FD /* image-10-03.jpg */,
				143675240FA8999E001E09FD /* image-10-04.jpg */,
				143675250FA8999E001E09FD /* image-10-05.jpg */,
				143675260FA8999E001E09FD /* image-10-06.jpg */,
				143675270FA8999E001E09FD /* image-10-07.jpg */,
				143675280FA8999E001E09FD /* image-10-08.jpg */,
				143675290FA8999E001E09FD /* image-10-09.jpg */,
				1436752A0FA8999E001E09FD /* image-10-10.jpg */,
			);
			name = images;
			sourceTree = "<group>";
		};
		19C28FACFE9D520D11CA2CBB /* Products */ = {
			isa = PBXGroup;
			children = (
				1D6058910D05DD3D006BFB54 /* TiledLayerView.app */,
			);
			name = Products;
			sourceTree = "<group>";
		};
		29B97314FDCFA39411CA2CEA /* CustomTemplate */ = {
			isa = PBXGroup;
			children = (
				080E96DDFE201D6D7F000001 /* Classes */,
				29B97315FDCFA39411CA2CEA /* Other Sources */,
				29B97317FDCFA39411CA2CEA /* Resources */,
				29B97323FDCFA39411CA2CEA /* Frameworks */,
				19C28FACFE9D520D11CA2CBB /* Products */,
			);
			name = CustomTemplate;
			sourceTree = "<group>";
		};
		29B97315FDCFA39411CA2CEA /* Other Sources */ = {
			isa = PBXGroup;
			children = (
				32CA4F630368D1EE00C91783 /* TiledLayerView_Prefix.pch */,
				29B97316FDCFA39411CA2CEA /* main.m */,
			);
			name = "Other Sources";
			sourceTree = "<group>";
		};
		29B97317FDCFA39411CA2CEA /* Resources */ = {
			isa = PBXGroup;
			children = (
				143674C00FA89986001E09FD /* images */,
				2899E5210DE3E06400AC0155 /* TiledLayerViewViewController.xib */,
				28AD733E0D9D9553002E5188 /* MainWindow.xib */,
				8D1107310486CEB800E47090 /* Info.plist */,
			);
			name = Resources;
			sourceTree = "<group>";
		};
		29B97323FDCFA39411CA2CEA /* Frameworks */ = {
			isa = PBXGroup;
			children = (
				1DF5F4DF0D08C38300B7A737 /* UIKit.framework */,
				1D30AB110D05D00D00671497 /* Foundation.framework */,
				288765A40DF7441C002DB57D /* CoreGraphics.framework */,
				143674AB0FA89875001E09FD /* QuartzCore.framework */,
			);
			name = Frameworks;
			sourceTree = "<group>";
		};
/* End PBXGroup section */

/* Begin PBXNativeTarget section */
		1D6058900D05DD3D006BFB54 /* TiledLayerView */ = {
			isa = PBXNativeTarget;
			buildConfigurationList = 1D6058960D05DD3E006BFB54 /* Build configuration list for PBXNativeTarget "TiledLayerView" */;
			buildPhases = (
				1D60588D0D05DD3D006BFB54 /* Resources */,
				1D60588E0D05DD3D006BFB54 /* Sources */,
				1D60588F0D05DD3D006BFB54 /* Frameworks */,
			);
			buildRules = (
			);
			dependencies = (
			);
			name = TiledLayerView;
			productName = TiledLayerView;
			productReference = 1D6058910D05DD3D006BFB54 /* TiledLayerView.app */;
			productType = "com.apple.product-type.application";
		};
/* End PBXNativeTarget section */

/* Begin PBXProject section */
		29B97313FDCFA39411CA2CEA /* Project object */ = {
			isa = PBXProject;
			buildConfigurationList = C01FCF4E08A954540054247B /* Build configuration list for PBXProject "TiledLayerView" */;
			compatibilityVersion = "Xcode 3.1";
			hasScannedForEncodings = 1;
			mainGroup = 29B97314FDCFA39411CA2CEA /* CustomTemplate */;
			projectDirPath = "";
			projectRoot = "";
			targets = (
				1D6058900D05DD3D006BFB54 /* TiledLayerView */,
			);
		};
/* End PBXProject section */

/* Begin PBXResourcesBuildPhase section */
		1D60588D0D05DD3D006BFB54 /* Resources */ = {
			isa = PBXResourcesBuildPhase;
			buildActionMask = 2147483647;
			files = (
				28AD733F0D9D9553002E5188 /* MainWindow.xib in Resources */,
				2899E5220DE3E06400AC0155 /* TiledLayerViewViewController.xib in Resources */,
				143674BF0FA8989B001E09FD /* original_image.jpg in Resources */,
				1436752B0FA8999E001E09FD /* image-01-01.jpg in Resources */,
				1436752C0FA8999E001E09FD /* image-01-02.jpg in Resources */,
				1436752D0FA8999E001E09FD /* image-01-03.jpg in Resources */,
				1436752E0FA8999E001E09FD /* image-01-04.jpg in Resources */,
				1436752F0FA8999E001E09FD /* image-01-05.jpg in Resources */,
				143675300FA8999E001E09FD /* image-01-06.jpg in Resources */,
				143675310FA8999E001E09FD /* image-01-07.jpg in Resources */,
				143675320FA8999E001E09FD /* image-01-08.jpg in Resources */,
				143675330FA8999E001E09FD /* image-01-09.jpg in Resources */,
				143675340FA8999E001E09FD /* image-01-10.jpg in Resources */,
				143675350FA8999E001E09FD /* image-02-01.jpg in Resources */,
				143675360FA8999E001E09FD /* image-02-02.jpg in Resources */,
				143675370FA8999E001E09FD /* image-02-03.jpg in Resources */,
				143675380FA8999E001E09FD /* image-02-04.jpg in Resources */,
				143675390FA8999E001E09FD /* image-02-05.jpg in Resources */,
				1436753A0FA8999E001E09FD /* image-02-06.jpg in Resources */,
				1436753B0FA8999E001E09FD /* image-02-07.jpg in Resources */,
				1436753C0FA8999E001E09FD /* image-02-08.jpg in Resources */,
				1436753D0FA8999E001E09FD /* image-02-09.jpg in Resources */,
				1436753E0FA8999E001E09FD /* image-02-10.jpg in Resources */,
				1436753F0FA8999E001E09FD /* image-03-01.jpg in Resources */,
				143675400FA8999E001E09FD /* image-03-02.jpg in Resources */,
				143675410FA8999E001E09FD /* image-03-03.jpg in Resources */,
				143675420FA8999E001E09FD /* image-03-04.jpg in Resources */,
				143675430FA8999E001E09FD /* image-03-05.jpg in Resources */,
				143675440FA8999E001E09FD /* image-03-06.jpg in Resources */,
				143675450FA8999E001E09FD /* image-03-07.jpg in Resources */,
				143675460FA8999E001E09FD /* image-03-08.jpg in Resources */,
				143675470FA8999E001E09FD /* image-03-09.jpg in Resources */,
				143675480FA8999E001E09FD /* image-03-10.jpg in Resources */,
				143675490FA8999E001E09FD /* image-04-01.jpg in Resources */,
				1436754A0FA8999E001E09FD /* image-04-02.jpg in Resources */,
				1436754B0FA8999E001E09FD /* image-04-03.jpg in Resources */,
				1436754C0FA8999E001E09FD /* image-04-04.jpg in Resources */,
				1436754D0FA8999E001E09FD /* image-04-05.jpg in Resources */,
				1436754E0FA8999E001E09FD /* image-04-06.jpg in Resources */,
				1436754F0FA8999E001E09FD /* image-04-07.jpg in Resources */,
				143675500FA8999E001E09FD /* image-04-08.jpg in Resources */,
				143675510FA8999E001E09FD /* image-04-09.jpg in Resources */,
				143675520FA8999E001E09FD /* image-04-10.jpg in Resources */,
				143675530FA8999E001E09FD /* image-05-01.jpg in Resources */,
				143675540FA8999E001E09FD /* image-05-02.jpg in Resources */,
				143675550FA8999E001E09FD /* image-05-03.jpg in Resources */,
				143675560FA8999E001E09FD /* image-05-04.jpg in Resources */,
				143675570FA8999E001E09FD /* image-05-05.jpg in Resources */,
				143675580FA8999E001E09FD /* image-05-06.jpg in Resources */,
				143675590FA8999E001E09FD /* image-05-07.jpg in Resources */,
				1436755A0FA8999E001E09FD /* image-05-08.jpg in Resources */,
				1436755B0FA8999E001E09FD /* image-05-09.jpg in Resources */,
				1436755C0FA8999E001E09FD /* image-05-10.jpg in Resources */,
				1436755D0FA8999E001E09FD /* image-06-01.jpg in Resources */,
				1436755E0FA8999E001E09FD /* image-06-02.jpg in Resources */,
				1436755F0FA8999E001E09FD /* image-06-03.jpg in Resources */,
				143675600FA8999E001E09FD /* image-06-04.jpg in Resources */,
				143675610FA8999E001E09FD /* image-06-05.jpg in Resources */,
				143675620FA8999E001E09FD /* image-06-06.jpg in Resources */,
				143675630FA8999E001E09FD /* image-06-07.jpg in Resources */,
				143675640FA8999E001E09FD /* image-06-08.jpg in Resources */,
				143675650FA8999E001E09FD /* image-06-09.jpg in Resources */,
				143675660FA8999E001E09FD /* image-06-10.jpg in Resources */,
				143675670FA8999E001E09FD /* image-07-01.jpg in Resources */,
				143675680FA8999E001E09FD /* image-07-02.jpg in Resources */,
				143675690FA8999E001E09FD /* image-07-03.jpg in Resources */,
				1436756A0FA8999E001E09FD /* image-07-04.jpg in Resources */,
				1436756B0FA8999E001E09FD /* image-07-05.jpg in Resources */,
				1436756C0FA8999E001E09FD /* image-07-06.jpg in Resources */,
				1436756D0FA8999E001E09FD /* image-07-07.jpg in Resources */,
				1436756E0FA8999E001E09FD /* image-07-08.jpg in Resources */,
				1436756F0FA8999E001E09FD /* image-07-09.jpg in Resources */,
				143675700FA8999E001E09FD /* image-07-10.jpg in Resources */,
				143675710FA8999E001E09FD /* image-08-01.jpg in Resources */,
				143675720FA8999E001E09FD /* image-08-02.jpg in Resources */,
				143675730FA8999E001E09FD /* image-08-03.jpg in Resources */,
				143675740FA8999E001E09FD /* image-08-04.jpg in Resources */,
				143675750FA8999E001E09FD /* image-08-05.jpg in Resources */,
				143675760FA8999E001E09FD /* image-08-06.jpg in Resources */,
				143675770FA8999E001E09FD /* image-08-07.jpg in Resources */,
				143675780FA8999E001E09FD /* image-08-08.jpg in Resources */,
				143675790FA8999E001E09FD /* image-08-09.jpg in Resources */,
				1436757A0FA8999E001E09FD /* image-08-10.jpg in Resources */,
				1436757B0FA8999E001E09FD /* image-09-01.jpg in Resources */,
				1436757C0FA8999E001E09FD /* image-09-02.jpg in Resources */,
				1436757D0FA8999E001E09FD /* image-09-03.jpg in Resources */,
				1436757E0FA8999E001E09FD /* image-09-04.jpg in Resources */,
				1436757F0FA8999E001E09FD /* image-09-05.jpg in Resources */,
				143675800FA8999E001E09FD /* image-09-06.jpg in Resources */,
				143675810FA8999E001E09FD /* image-09-07.jpg in Resources */,
				143675820FA8999E001E09FD /* image-09-08.jpg in Resources */,
				143675830FA8999E001E09FD /* image-09-09.jpg in Resources */,
				143675840FA8999E001E09FD /* image-09-10.jpg in Resources */,
				143675850FA8999E001E09FD /* image-10-01.jpg in Resources */,
				143675860FA8999E001E09FD /* image-10-02.jpg in Resources */,
				143675870FA8999E001E09FD /* image-10-03.jpg in Resources */,
				143675880FA8999E001E09FD /* image-10-04.jpg in Resources */,
				143675890FA8999E001E09FD /* image-10-05.jpg in Resources */,
				1436758A0FA8999E001E09FD /* image-10-06.jpg in Resources */,
				1436758B0FA8999E001E09FD /* image-10-07.jpg in Resources */,
				1436758C0FA8999E001E09FD /* image-10-08.jpg in Resources */,
				1436758D0FA8999E001E09FD /* image-10-09.jpg in Resources */,
				1436758E0FA8999E001E09FD /* image-10-10.jpg in Resources */,
			);
			runOnlyForDeploymentPostprocessing = 0;
		};
/* End PBXResourcesBuildPhase section */

/* Begin PBXSourcesBuildPhase section */
		1D60588E0D05DD3D006BFB54 /* Sources */ = {
			isa = PBXSourcesBuildPhase;
			buildActionMask = 2147483647;
			files = (
				1D60589B0D05DD56006BFB54 /* main.m in Sources */,
				1D3623260D0F684500981E51 /* TiledLayerViewAppDelegate.m in Sources */,
				28D7ACF80DDB3853001CB0EB /* TiledLayerViewController.m in Sources */,
				143674A30FA89866001E09FD /* TiledView.m in Sources */,
			);
			runOnlyForDeploymentPostprocessing = 0;
		};
/* End PBXSourcesBuildPhase section */

/* Begin XCBuildConfiguration section */
		1D6058940D05DD3E006BFB54 /* Debug */ = {
			isa = XCBuildConfiguration;
			buildSettings = {
				ALWAYS_SEARCH_USER_PATHS = NO;
				COPY_PHASE_STRIP = NO;
				GCC_DYNAMIC_NO_PIC = NO;
				GCC_OPTIMIZATION_LEVEL = 0;
				GCC_PRECOMPILE_PREFIX_HEADER = YES;
				GCC_PREFIX_HEADER = TiledLayerView_Prefix.pch;
				INFOPLIST_FILE = Info.plist;
				PRODUCT_NAME = TiledLayerView;
			};
			name = Debug;
		};
		1D6058950D05DD3E006BFB54 /* Release */ = {
			isa = XCBuildConfiguration;
			buildSettings = {
				ALWAYS_SEARCH_USER_PATHS = NO;
				COPY_PHASE_STRIP = YES;
				GCC_PRECOMPILE_PREFIX_HEADER = YES;
				GCC_PREFIX_HEADER = TiledLayerView_Prefix.pch;
				INFOPLIST_FILE = Info.plist;
				PRODUCT_NAME = TiledLayerView;
			};
			name = Release;
		};
		C01FCF4F08A954540054247B /* Debug */ = {
			isa = XCBuildConfiguration;
			buildSettings = {
				ARCHS = "$(ARCHS_STANDARD_32_BIT)";
				"CODE_SIGN_IDENTITY[sdk=iphoneos*]" = "iPhone Developer: Katsumi Kishikawa";
				GCC_C_LANGUAGE_STANDARD = c99;
				GCC_WARN_ABOUT_RETURN_TYPE = YES;
				GCC_WARN_UNUSED_VARIABLE = YES;
				IPHONEOS_DEPLOYMENT_TARGET = 3.0;
				ONLY_ACTIVE_ARCH = YES;
				PREBINDING = NO;
				"PROVISIONING_PROFILE[sdk=iphoneos*]" = "FE70928C-E17E-408F-B53C-6EAD529373A7";
				SDKROOT = iphoneos4.0;
			};
			name = Debug;
		};
		C01FCF5008A954540054247B /* Release */ = {
			isa = XCBuildConfiguration;
			buildSettings = {
				ARCHS = "$(ARCHS_STANDARD_32_BIT)";
				"CODE_SIGN_IDENTITY[sdk=iphoneos*]" = "iPhone Developer";
				GCC_C_LANGUAGE_STANDARD = c99;
				GCC_WARN_ABOUT_RETURN_TYPE = YES;
				GCC_WARN_UNUSED_VARIABLE = YES;
				IPHONEOS_DEPLOYMENT_TARGET = 3.0;
				PREBINDING = NO;
				SDKROOT = iphoneos4.0;
			};
			name = Release;
		};
/* End XCBuildConfiguration section */

/* Begin XCConfigurationList section */
		1D6058960D05DD3E006BFB54 /* Build configuration list for PBXNativeTarget "TiledLayerView" */ = {
			isa = XCConfigurationList;
			buildConfigurations = (
				1D6058940D05DD3E006BFB54 /* Debug */,
				1D6058950D05DD3E006BFB54 /* Release */,
			);
			defaultConfigurationIsVisible = 0;
			defaultConfigurationName = Release;
		};
		C01FCF4E08A954540054247B /* Build configuration list for PBXProject "TiledLayerView" */ = {
			isa = XCConfigurationList;
			buildConfigurations = (
				C01FCF4F08A954540054247B /* Debug */,
				C01FCF5008A954540054247B /* Release */,
			);
			defaultConfigurationIsVisible = 0;
			defaultConfigurationName = Release;
		};
/* End XCConfigurationList section */
	};
	rootObject = 29B97313FDCFA39411CA2CEA /* Project object */;
}
